
Microsoft Visual Studio Solution File, Format Version 12.00
# Visual Studio 15
VisualStudioVersion = 15.0.27130.2020
MinimumVisualStudioVersion = 10.0.40219.1
Project("{FAE04EC0-301F-11D3-BF4B-00C04F79EFBC}") = "myproject", "myproject\myproject.csproj", "{1C834326-E2E2-4B07-AD27-0B5E0B22E689}"
EndProject
Global
	GlobalSection(SolutionConfigurationPlatforms) = preSolution
		Debug|Any CPU = Debug|Any CPU
		Release|Any CPU = Release|Any CPU
	EndGlobalSection
	GlobalSection(ProjectConfigurationPlatforms) = postSolution
		{1C834326-E2E2-4B07-AD27-0B5E0B22E689}.Debug|Any CPU.ActiveCfg = Debug|Any CPU
		{1C834326-E2E2-4B07-AD27-0B5E0B22E689}.Debug|Any CPU.Build.0 = Debug|Any CPU
		{1C834326-E2E2-4B07-AD27-0B5E0B22E689}.Release|Any CPU.ActiveCfg = Release|Any CPU
		{1C834326-E2E2-4B07-AD27-0B5E0B22E689}.Release|Any CPU.Build.0 = Release|Any CPU
	EndGlobalSection
	GlobalSection(SolutionProperties) = preSolution
		HideSolutionNode = FALSE
	EndGlobalSection
	GlobalSection(ExtensibilityGlobals) = postSolution
		SolutionGuid = {0E54F00F-7EC8-40EA-904A-8460DB676586}
	EndGlobalSection
EndGlobal
